
Microsoft Visual Studio Solution File, Format Version 12.00
# Visual Studio 15
VisualStudioVersion = 15.0.28307.271
MinimumVisualStudioVersion = 10.0.40219.1
Project("{2150E333-8FDC-42A3-9474-1A3956D46DE8}") = "queue", "queue", "{E1C1459A-43C9-4C80-BD5F-72CD4282B210}"
EndProject
Project("{2150E333-8FDC-42A3-9474-1A3956D46DE8}") = "thread", "thread", "{54CB2438-D28A-4323-8485-8EFEF9FA69C0}"
EndProject
Project("{2150E333-8FDC-42A3-9474-1A3956D46DE8}") = "threadpool", "threadpool", "{9323B638-9C50-47AF-80D9-BB4600D3170A}"
EndProject
Project("{8BC9CEB8-8B4A-11D0-8D11-00A0C91BC942}") = "test", "queue\test\test.vcxproj", "{933F9E98-5CF4-4E2D-AB05-D53E9A113208}"
EndProject
Project("{8BC9CEB8-8B4A-11D0-8D11-00A0C91BC942}") = "test", "thread\test\test.vcxproj", "{4418AA1B-2B09-4151-9040-31DC4C11DD45}"
EndProject
Project("{8BC9CEB8-8B4A-11D0-8D11-00A0C91BC942}") = "test", "threadpool\test\test.vcxproj", "{695BBB74-C25A-4C6C-8120-7FDC1C73B01D}"
EndProject
Project("{2150E333-8FDC-42A3-9474-1A3956D46DE8}") = "spinmutex", "spinmutex", "{8CB94528-6BB9-46C3-A82A-9FF071DBB457}"
EndProject
Project("{2150E333-8FDC-42A3-9474-1A3956D46DE8}") = "pattern", "pattern", "{73E4173B-3FF2-4206-884D-0FBF64B1DC58}"
EndProject
Project("{8BC9CEB8-8B4A-11D0-8D11-00A0C91BC942}") = "test", "pattern\test\test.vcxproj", "{4F196594-3FBA-4E76-9CCA-4924281BD084}"
EndProject
Project("{2150E333-8FDC-42A3-9474-1A3956D46DE8}") = "stack", "stack", "{D7157B1A-0701-4116-95DD-C3B4B5187278}"
EndProject
Project("{8BC9CEB8-8B4A-11D0-8D11-00A0C91BC942}") = "test", "stack\test\test.vcxproj", "{E5B2F6A4-F4ED-4E28-973D-8AF1529A3D62}"
EndProject
Project("{2150E333-8FDC-42A3-9474-1A3956D46DE8}") = "smartpointer", "smartpointer", "{1DE4F60E-6124-4C33-88D5-16711EAFF9CB}"
EndProject
Project("{8BC9CEB8-8B4A-11D0-8D11-00A0C91BC942}") = "test", "smartpointer\test\test.vcxproj", "{4DD5F1AA-1324-4627-9807-08662F27399B}"
EndProject
Project("{8BC9CEB8-8B4A-11D0-8D11-00A0C91BC942}") = "test", "spinmutex\test\test.vcxproj", "{22471A14-F88B-4554-82EF-5054C7125AFF}"
EndProject
Global
	GlobalSection(SolutionConfigurationPlatforms) = preSolution
		Debug|x64 = Debug|x64
		Debug|x86 = Debug|x86
		Release|x64 = Release|x64
		Release|x86 = Release|x86
	EndGlobalSection
	GlobalSection(ProjectConfigurationPlatforms) = postSolution
		{933F9E98-5CF4-4E2D-AB05-D53E9A113208}.Debug|x64.ActiveCfg = Debug|x64
		{933F9E98-5CF4-4E2D-AB05-D53E9A113208}.Debug|x64.Build.0 = Debug|x64
		{933F9E98-5CF4-4E2D-AB05-D53E9A113208}.Debug|x86.ActiveCfg = Debug|Win32
		{933F9E98-5CF4-4E2D-AB05-D53E9A113208}.Debug|x86.Build.0 = Debug|Win32
		{933F9E98-5CF4-4E2D-AB05-D53E9A113208}.Release|x64.ActiveCfg = Release|x64
		{933F9E98-5CF4-4E2D-AB05-D53E9A113208}.Release|x64.Build.0 = Release|x64
		{933F9E98-5CF4-4E2D-AB05-D53E9A113208}.Release|x86.ActiveCfg = Release|Win32
		{933F9E98-5CF4-4E2D-AB05-D53E9A113208}.Release|x86.Build.0 = Release|Win32
		{4418AA1B-2B09-4151-9040-31DC4C11DD45}.Debug|x64.ActiveCfg = Debug|x64
		{4418AA1B-2B09-4151-9040-31DC4C11DD45}.Debug|x64.Build.0 = Debug|x64
		{4418AA1B-2B09-4151-9040-31DC4C11DD45}.Debug|x86.ActiveCfg = Debug|Win32
		{4418AA1B-2B09-4151-9040-31DC4C11DD45}.Debug|x86.Build.0 = Debug|Win32
		{4418AA1B-2B09-4151-9040-31DC4C11DD45}.Release|x64.ActiveCfg = Release|x64
		{4418AA1B-2B09-4151-9040-31DC4C11DD45}.Release|x64.Build.0 = Release|x64
		{4418AA1B-2B09-4151-9040-31DC4C11DD45}.Release|x86.ActiveCfg = Release|Win32
		{4418AA1B-2B09-4151-9040-31DC4C11DD45}.Release|x86.Build.0 = Release|Win32
		{695BBB74-C25A-4C6C-8120-7FDC1C73B01D}.Debug|x64.ActiveCfg = Debug|x64
		{695BBB74-C25A-4C6C-8120-7FDC1C73B01D}.Debug|x64.Build.0 = Debug|x64
		{695BBB74-C25A-4C6C-8120-7FDC1C73B01D}.Debug|x86.ActiveCfg = Debug|Win32
		{695BBB74-C25A-4C6C-8120-7FDC1C73B01D}.Debug|x86.Build.0 = Debug|Win32
		{695BBB74-C25A-4C6C-8120-7FDC1C73B01D}.Release|x64.ActiveCfg = Release|x64
		{695BBB74-C25A-4C6C-8120-7FDC1C73B01D}.Release|x64.Build.0 = Release|x64
		{695BBB74-C25A-4C6C-8120-7FDC1C73B01D}.Release|x86.ActiveCfg = Release|Win32
		{695BBB74-C25A-4C6C-8120-7FDC1C73B01D}.Release|x86.Build.0 = Release|Win32
		{4F196594-3FBA-4E76-9CCA-4924281BD084}.Debug|x64.ActiveCfg = Debug|x64
		{4F196594-3FBA-4E76-9CCA-4924281BD084}.Debug|x64.Build.0 = Debug|x64
		{4F196594-3FBA-4E76-9CCA-4924281BD084}.Debug|x86.ActiveCfg = Debug|Win32
		{4F196594-3FBA-4E76-9CCA-4924281BD084}.Debug|x86.Build.0 = Debug|Win32
		{4F196594-3FBA-4E76-9CCA-4924281BD084}.Release|x64.ActiveCfg = Release|x64
		{4F196594-3FBA-4E76-9CCA-4924281BD084}.Release|x64.Build.0 = Release|x64
		{4F196594-3FBA-4E76-9CCA-4924281BD084}.Release|x86.ActiveCfg = Release|Win32
		{4F196594-3FBA-4E76-9CCA-4924281BD084}.Release|x86.Build.0 = Release|Win32
		{E5B2F6A4-F4ED-4E28-973D-8AF1529A3D62}.Debug|x64.ActiveCfg = Debug|x64
		{E5B2F6A4-F4ED-4E28-973D-8AF1529A3D62}.Debug|x64.Build.0 = Debug|x64
		{E5B2F6A4-F4ED-4E28-973D-8AF1529A3D62}.Debug|x86.ActiveCfg = Debug|Win32
		{E5B2F6A4-F4ED-4E28-973D-8AF1529A3D62}.Debug|x86.Build.0 = Debug|Win32
		{E5B2F6A4-F4ED-4E28-973D-8AF1529A3D62}.Release|x64.ActiveCfg = Release|x64
		{E5B2F6A4-F4ED-4E28-973D-8AF1529A3D62}.Release|x64.Build.0 = Release|x64
		{E5B2F6A4-F4ED-4E28-973D-8AF1529A3D62}.Release|x86.ActiveCfg = Release|Win32
		{E5B2F6A4-F4ED-4E28-973D-8AF1529A3D62}.Release|x86.Build.0 = Release|Win32
		{4DD5F1AA-1324-4627-9807-08662F27399B}.Debug|x64.ActiveCfg = Debug|x64
		{4DD5F1AA-1324-4627-9807-08662F27399B}.Debug|x64.Build.0 = Debug|x64
		{4DD5F1AA-1324-4627-9807-08662F27399B}.Debug|x86.ActiveCfg = Debug|Win32
		{4DD5F1AA-1324-4627-9807-08662F27399B}.Debug|x86.Build.0 = Debug|Win32
		{4DD5F1AA-1324-4627-9807-08662F27399B}.Release|x64.ActiveCfg = Release|x64
		{4DD5F1AA-1324-4627-9807-08662F27399B}.Release|x64.Build.0 = Release|x64
		{4DD5F1AA-1324-4627-9807-08662F27399B}.Release|x86.ActiveCfg = Release|Win32
		{4DD5F1AA-1324-4627-9807-08662F27399B}.Release|x86.Build.0 = Release|Win32
		{22471A14-F88B-4554-82EF-5054C7125AFF}.Debug|x64.ActiveCfg = Debug|x64
		{22471A14-F88B-4554-82EF-5054C7125AFF}.Debug|x64.Build.0 = Debug|x64
		{22471A14-F88B-4554-82EF-5054C7125AFF}.Debug|x86.ActiveCfg = Debug|Win32
		{22471A14-F88B-4554-82EF-5054C7125AFF}.Debug|x86.Build.0 = Debug|Win32
		{22471A14-F88B-4554-82EF-5054C7125AFF}.Release|x64.ActiveCfg = Release|x64
		{22471A14-F88B-4554-82EF-5054C7125AFF}.Release|x64.Build.0 = Release|x64
		{22471A14-F88B-4554-82EF-5054C7125AFF}.Release|x86.ActiveCfg = Release|Win32
		{22471A14-F88B-4554-82EF-5054C7125AFF}.Release|x86.Build.0 = Release|Win32
	EndGlobalSection
	GlobalSection(SolutionProperties) = preSolution
		HideSolutionNode = FALSE
	EndGlobalSection
	GlobalSection(NestedProjects) = preSolution
		{933F9E98-5CF4-4E2D-AB05-D53E9A113208} = {E1C1459A-43C9-4C80-BD5F-72CD4282B210}
		{4418AA1B-2B09-4151-9040-31DC4C11DD45} = {54CB2438-D28A-4323-8485-8EFEF9FA69C0}
		{695BBB74-C25A-4C6C-8120-7FDC1C73B01D} = {9323B638-9C50-47AF-80D9-BB4600D3170A}
		{4F196594-3FBA-4E76-9CCA-4924281BD084} = {73E4173B-3FF2-4206-884D-0FBF64B1DC58}
		{E5B2F6A4-F4ED-4E28-973D-8AF1529A3D62} = {D7157B1A-0701-4116-95DD-C3B4B5187278}
		{4DD5F1AA-1324-4627-9807-08662F27399B} = {1DE4F60E-6124-4C33-88D5-16711EAFF9CB}
		{22471A14-F88B-4554-82EF-5054C7125AFF} = {8CB94528-6BB9-46C3-A82A-9FF071DBB457}
	EndGlobalSection
	GlobalSection(ExtensibilityGlobals) = postSolution
		SolutionGuid = {A9E87E4B-73A3-4335-91C9-DD38B1116ABE}
	EndGlobalSection
EndGlobal
